// !$*UTF8*$!
{
	archiveVersion = 1;
	classes = {
	};
	objectVersion = 51;
	objects = {

/* Begin PBXBuildFile section */
		0BF28D4AD0470FE4B76FEF65 /* Pods_Newsfeed.framework in Frameworks */ = {isa = PBXBuildFile; fileRef = F5883DDC9585011ACA8321D7 /* Pods_Newsfeed.framework */; };
		215FDFF941B6B78A1415AE8C /* Pods_NewsfeedTests.framework in Frameworks */ = {isa = PBXBuildFile; fileRef = 882BB3D183EE6F14A28BEC08 /* Pods_NewsfeedTests.framework */; };
		81019A2B24E2574D009AB270 /* Box.swift in Sources */ = {isa = PBXBuildFile; fileRef = 81019A2A24E2574D009AB270 /* Box.swift */; };
		81019A2D24E2A73A009AB270 /* DateUtil.swift in Sources */ = {isa = PBXBuildFile; fileRef = 81019A2C24E2A73A009AB270 /* DateUtil.swift */; };
		812F610324E14C6E00DB2ACC /* AppDelegate.swift in Sources */ = {isa = PBXBuildFile; fileRef = 812F610224E14C6E00DB2ACC /* AppDelegate.swift */; };
		812F610524E14C6E00DB2ACC /* SceneDelegate.swift in Sources */ = {isa = PBXBuildFile; fileRef = 812F610424E14C6E00DB2ACC /* SceneDelegate.swift */; };
		812F610724E14C6E00DB2ACC /* NewsViewController.swift in Sources */ = {isa = PBXBuildFile; fileRef = 812F610624E14C6E00DB2ACC /* NewsViewController.swift */; };
		812F610A24E14C6E00DB2ACC /* News.storyboard in Resources */ = {isa = PBXBuildFile; fileRef = 812F610824E14C6E00DB2ACC /* News.storyboard */; };
		812F610C24E14C6F00DB2ACC /* Assets.xcassets in Resources */ = {isa = PBXBuildFile; fileRef = 812F610B24E14C6F00DB2ACC /* Assets.xcassets */; };
		812F610F24E14C6F00DB2ACC /* LaunchScreen.storyboard in Resources */ = {isa = PBXBuildFile; fileRef = 812F610D24E14C6F00DB2ACC /* LaunchScreen.storyboard */; };
		812F611A24E14C6F00DB2ACC /* NewsfeedTests.swift in Sources */ = {isa = PBXBuildFile; fileRef = 812F611924E14C6F00DB2ACC /* NewsfeedTests.swift */; };
		812F612524E14C6F00DB2ACC /* NewsfeedUITests.swift in Sources */ = {isa = PBXBuildFile; fileRef = 812F612424E14C6F00DB2ACC /* NewsfeedUITests.swift */; };
		812F613524E151FA00DB2ACC /* NewsViewModel.swift in Sources */ = {isa = PBXBuildFile; fileRef = 812F613424E151FA00DB2ACC /* NewsViewModel.swift */; };
		81334DB624E178F2007794F9 /* NewsViewModelTest.swift in Sources */ = {isa = PBXBuildFile; fileRef = 81334DB524E178F2007794F9 /* NewsViewModelTest.swift */; };
		81334DB924E2133B007794F9 /* NewsHeadingTableViewCell.swift in Sources */ = {isa = PBXBuildFile; fileRef = 81334DB824E2133B007794F9 /* NewsHeadingTableViewCell.swift */; };
		81334DBB24E2135A007794F9 /* NewsListTableViewCell.swift in Sources */ = {isa = PBXBuildFile; fileRef = 81334DBA24E2135A007794F9 /* NewsListTableViewCell.swift */; };
		81334DBE24E21565007794F9 /* Constants.swift in Sources */ = {isa = PBXBuildFile; fileRef = 81334DBD24E21565007794F9 /* Constants.swift */; };
		81334DC124E21D6B007794F9 /* News.swift in Sources */ = {isa = PBXBuildFile; fileRef = 81334DC024E21D6B007794F9 /* News.swift */; };
		81334DC324E21D96007794F9 /* Item.swift in Sources */ = {isa = PBXBuildFile; fileRef = 81334DC224E21D96007794F9 /* Item.swift */; };
		81334DC524E21FA8007794F9 /* Enclosure.swift in Sources */ = {isa = PBXBuildFile; fileRef = 81334DC424E21FA8007794F9 /* Enclosure.swift */; };
		81334DC824E22390007794F9 /* AFNetworkClient.swift in Sources */ = {isa = PBXBuildFile; fileRef = 81334DC724E22390007794F9 /* AFNetworkClient.swift */; };
		81334DCB24E24140007794F9 /* news.json in Resources */ = {isa = PBXBuildFile; fileRef = 81334DCA24E24140007794F9 /* news.json */; };
		C24D8FC0BA935FB7E43B9E16 /* Pods_Newsfeed_NewsfeedUITests.framework in Frameworks */ = {isa = PBXBuildFile; fileRef = 88E0EC66591089456A45E39F /* Pods_Newsfeed_NewsfeedUITests.framework */; };
/* End PBXBuildFile section */

/* Begin PBXContainerItemProxy section */
		812F611624E14C6F00DB2ACC /* PBXContainerItemProxy */ = {
			isa = PBXContainerItemProxy;
			containerPortal = 812F60F724E14C6E00DB2ACC /* Project object */;
			proxyType = 1;
			remoteGlobalIDString = 812F60FE24E14C6E00DB2ACC;
			remoteInfo = Newsfeed;
		};
		812F612124E14C6F00DB2ACC /* PBXContainerItemProxy */ = {
			isa = PBXContainerItemProxy;
			containerPortal = 812F60F724E14C6E00DB2ACC /* Project object */;
			proxyType = 1;
			remoteGlobalIDString = 812F60FE24E14C6E00DB2ACC;
			remoteInfo = Newsfeed;
		};
/* End PBXContainerItemProxy section */

/* Begin PBXFileReference section */
		0F1C5C4A2114C6B61A66A89A /* Pods-Newsfeed-NewsfeedUITests.release.xcconfig */ = {isa = PBXFileReference; includeInIndex = 1; lastKnownFileType = text.xcconfig; name = "Pods-Newsfeed-NewsfeedUITests.release.xcconfig"; path = "Target Support Files/Pods-Newsfeed-NewsfeedUITests/Pods-Newsfeed-NewsfeedUITests.release.xcconfig"; sourceTree = "<group>"; };
		2F50E728B4ECC97E28C7E9C5 /* Pods-NewsfeedTests.debug.xcconfig */ = {isa = PBXFileReference; includeInIndex = 1; lastKnownFileType = text.xcconfig; name = "Pods-NewsfeedTests.debug.xcconfig"; path = "Target Support Files/Pods-NewsfeedTests/Pods-NewsfeedTests.debug.xcconfig"; sourceTree = "<group>"; };
		5C48FA33414E2352AEE5416C /* Pods-NewsfeedTests.release.xcconfig */ = {isa = PBXFileReference; includeInIndex = 1; lastKnownFileType = text.xcconfig; name = "Pods-NewsfeedTests.release.xcconfig"; path = "Target Support Files/Pods-NewsfeedTests/Pods-NewsfeedTests.release.xcconfig"; sourceTree = "<group>"; };
		62BA8415C314B5E97F7A6C78 /* Pods-Newsfeed.release.xcconfig */ = {isa = PBXFileReference; includeInIndex = 1; lastKnownFileType = text.xcconfig; name = "Pods-Newsfeed.release.xcconfig"; path = "Target Support Files/Pods-Newsfeed/Pods-Newsfeed.release.xcconfig"; sourceTree = "<group>"; };
		745550F0584B002C95CA6DCF /* Pods-Newsfeed.debug.xcconfig */ = {isa = PBXFileReference; includeInIndex = 1; lastKnownFileType = text.xcconfig; name = "Pods-Newsfeed.debug.xcconfig"; path = "Target Support Files/Pods-Newsfeed/Pods-Newsfeed.debug.xcconfig"; sourceTree = "<group>"; };
		81019A2A24E2574D009AB270 /* Box.swift */ = {isa = PBXFileReference; lastKnownFileType = sourcecode.swift; path = Box.swift; sourceTree = "<group>"; };
		81019A2C24E2A73A009AB270 /* DateUtil.swift */ = {isa = PBXFileReference; lastKnownFileType = sourcecode.swift; path = DateUtil.swift; sourceTree = "<group>"; };
		812F60FF24E14C6E00DB2ACC /* Newsfeed.app */ = {isa = PBXFileReference; explicitFileType = wrapper.application; includeInIndex = 0; path = Newsfeed.app; sourceTree = BUILT_PRODUCTS_DIR; };
		812F610224E14C6E00DB2ACC /* AppDelegate.swift */ = {isa = PBXFileReference; lastKnownFileType = sourcecode.swift; path = AppDelegate.swift; sourceTree = "<group>"; };
		812F610424E14C6E00DB2ACC /* SceneDelegate.swift */ = {isa = PBXFileReference; lastKnownFileType = sourcecode.swift; path = SceneDelegate.swift; sourceTree = "<group>"; };
		812F610624E14C6E00DB2ACC /* NewsViewController.swift */ = {isa = PBXFileReference; lastKnownFileType = sourcecode.swift; path = NewsViewController.swift; sourceTree = "<group>"; };
		812F610924E14C6E00DB2ACC /* Base */ = {isa = PBXFileReference; lastKnownFileType = file.storyboard; name = Base; path = Base.lproj/News.storyboard; sourceTree = "<group>"; };
		812F610B24E14C6F00DB2ACC /* Assets.xcassets */ = {isa = PBXFileReference; lastKnownFileType = folder.assetcatalog; path = Assets.xcassets; sourceTree = "<group>"; };
		812F610E24E14C6F00DB2ACC /* Base */ = {isa = PBXFileReference; lastKnownFileType = file.storyboard; name = Base; path = Base.lproj/LaunchScreen.storyboard; sourceTree = "<group>"; };
		812F611024E14C6F00DB2ACC /* Info.plist */ = {isa = PBXFileReference; lastKnownFileType = text.plist.xml; path = Info.plist; sourceTree = "<group>"; };
		812F611524E14C6F00DB2ACC /* NewsfeedTests.xctest */ = {isa = PBXFileReference; explicitFileType = wrapper.cfbundle; includeInIndex = 0; path = NewsfeedTests.xctest; sourceTree = BUILT_PRODUCTS_DIR; };
		812F611924E14C6F00DB2ACC /* NewsfeedTests.swift */ = {isa = PBXFileReference; lastKnownFileType = sourcecode.swift; path = NewsfeedTests.swift; sourceTree = "<group>"; };
		812F611B24E14C6F00DB2ACC /* Info.plist */ = {isa = PBXFileReference; lastKnownFileType = text.plist.xml; path = Info.plist; sourceTree = "<group>"; };
		812F612024E14C6F00DB2ACC /* NewsfeedUITests.xctest */ = {isa = PBXFileReference; explicitFileType = wrapper.cfbundle; includeInIndex = 0; path = NewsfeedUITests.xctest; sourceTree = BUILT_PRODUCTS_DIR; };
		812F612424E14C6F00DB2ACC /* NewsfeedUITests.swift */ = {isa = PBXFileReference; lastKnownFileType = sourcecode.swift; path = NewsfeedUITests.swift; sourceTree = "<group>"; };
		812F612624E14C6F00DB2ACC /* Info.plist */ = {isa = PBXFileReference; lastKnownFileType = text.plist.xml; path = Info.plist; sourceTree = "<group>"; };
		812F613424E151FA00DB2ACC /* NewsViewModel.swift */ = {isa = PBXFileReference; lastKnownFileType = sourcecode.swift; path = NewsViewModel.swift; sourceTree = "<group>"; };
		81334DB524E178F2007794F9 /* NewsViewModelTest.swift */ = {isa = PBXFileReference; lastKnownFileType = sourcecode.swift; path = NewsViewModelTest.swift; sourceTree = "<group>"; };
		81334DB824E2133B007794F9 /* NewsHeadingTableViewCell.swift */ = {isa = PBXFileReference; lastKnownFileType = sourcecode.swift; path = NewsHeadingTableViewCell.swift; sourceTree = "<group>"; };
		81334DBA24E2135A007794F9 /* NewsListTableViewCell.swift */ = {isa = PBXFileReference; lastKnownFileType = sourcecode.swift; path = NewsListTableViewCell.swift; sourceTree = "<group>"; };
		81334DBD24E21565007794F9 /* Constants.swift */ = {isa = PBXFileReference; lastKnownFileType = sourcecode.swift; path = Constants.swift; sourceTree = "<group>"; };
		81334DC024E21D6B007794F9 /* News.swift */ = {isa = PBXFileReference; lastKnownFileType = sourcecode.swift; path = News.swift; sourceTree = "<group>"; };
		81334DC224E21D96007794F9 /* Item.swift */ = {isa = PBXFileReference; lastKnownFileType = sourcecode.swift; path = Item.swift; sourceTree = "<group>"; };
		81334DC424E21FA8007794F9 /* Enclosure.swift */ = {isa = PBXFileReference; lastKnownFileType = sourcecode.swift; path = Enclosure.swift; sourceTree = "<group>"; };
		81334DC724E22390007794F9 /* AFNetworkClient.swift */ = {isa = PBXFileReference; lastKnownFileType = sourcecode.swift; path = AFNetworkClient.swift; sourceTree = "<group>"; };
		81334DCA24E24140007794F9 /* news.json */ = {isa = PBXFileReference; fileEncoding = 4; lastKnownFileType = text.json; path = news.json; sourceTree = "<group>"; };
		81E5BDB324E35F5200AABFA1 /* README.md */ = {isa = PBXFileReference; lastKnownFileType = net.daringfireball.markdown; path = README.md; sourceTree = "<group>"; };
		882BB3D183EE6F14A28BEC08 /* Pods_NewsfeedTests.framework */ = {isa = PBXFileReference; explicitFileType = wrapper.framework; includeInIndex = 0; path = Pods_NewsfeedTests.framework; sourceTree = BUILT_PRODUCTS_DIR; };
		88E0EC66591089456A45E39F /* Pods_Newsfeed_NewsfeedUITests.framework */ = {isa = PBXFileReference; explicitFileType = wrapper.framework; includeInIndex = 0; path = Pods_Newsfeed_NewsfeedUITests.framework; sourceTree = BUILT_PRODUCTS_DIR; };
		E8F05C9EAE5F7A31F23C8F8A /* Pods-Newsfeed-NewsfeedUITests.debug.xcconfig */ = {isa = PBXFileReference; includeInIndex = 1; lastKnownFileType = text.xcconfig; name = "Pods-Newsfeed-NewsfeedUITests.debug.xcconfig"; path = "Target Support Files/Pods-Newsfeed-NewsfeedUITests/Pods-Newsfeed-NewsfeedUITests.debug.xcconfig"; sourceTree = "<group>"; };
		F5883DDC9585011ACA8321D7 /* Pods_Newsfeed.framework */ = {isa = PBXFileReference; explicitFileType = wrapper.framework; includeInIndex = 0; path = Pods_Newsfeed.framework; sourceTree = BUILT_PRODUCTS_DIR; };
/* End PBXFileReference section */

/* Begin PBXFrameworksBuildPhase section */
		812F60FC24E14C6E00DB2ACC /* Frameworks */ = {
			isa = PBXFrameworksBuildPhase;
			buildActionMask = 2147483647;
			files = (
				0BF28D4AD0470FE4B76FEF65 /* Pods_Newsfeed.framework in Frameworks */,
			);
			runOnlyForDeploymentPostprocessing = 0;
		};
		812F611224E14C6F00DB2ACC /* Frameworks */ = {
			isa = PBXFrameworksBuildPhase;
			buildActionMask = 2147483647;
			files = (
				215FDFF941B6B78A1415AE8C /* Pods_NewsfeedTests.framework in Frameworks */,
			);
			runOnlyForDeploymentPostprocessing = 0;
		};
		812F611D24E14C6F00DB2ACC /* Frameworks */ = {
			isa = PBXFrameworksBuildPhase;
			buildActionMask = 2147483647;
			files = (
				C24D8FC0BA935FB7E43B9E16 /* Pods_Newsfeed_NewsfeedUITests.framework in Frameworks */,
			);
			runOnlyForDeploymentPostprocessing = 0;
		};
/* End PBXFrameworksBuildPhase section */

/* Begin PBXGroup section */
		64F7C7C33E3CBF871A538AE0 /* Pods */ = {
			isa = PBXGroup;
			children = (
				745550F0584B002C95CA6DCF /* Pods-Newsfeed.debug.xcconfig */,
				62BA8415C314B5E97F7A6C78 /* Pods-Newsfeed.release.xcconfig */,
				E8F05C9EAE5F7A31F23C8F8A /* Pods-Newsfeed-NewsfeedUITests.debug.xcconfig */,
				0F1C5C4A2114C6B61A66A89A /* Pods-Newsfeed-NewsfeedUITests.release.xcconfig */,
				2F50E728B4ECC97E28C7E9C5 /* Pods-NewsfeedTests.debug.xcconfig */,
				5C48FA33414E2352AEE5416C /* Pods-NewsfeedTests.release.xcconfig */,
			);
			path = Pods;
			sourceTree = "<group>";
		};
		812F60F624E14C6E00DB2ACC = {
			isa = PBXGroup;
			children = (
				81E5BDB324E35F5200AABFA1 /* README.md */,
				812F610124E14C6E00DB2ACC /* Newsfeed */,
				812F611824E14C6F00DB2ACC /* NewsfeedTests */,
				812F612324E14C6F00DB2ACC /* NewsfeedUITests */,
				812F610024E14C6E00DB2ACC /* Products */,
				64F7C7C33E3CBF871A538AE0 /* Pods */,
				B0A2B09CB58DF72C37CF2B92 /* Frameworks */,
			);
			sourceTree = "<group>";
		};
		812F610024E14C6E00DB2ACC /* Products */ = {
			isa = PBXGroup;
			children = (
				812F60FF24E14C6E00DB2ACC /* Newsfeed.app */,
				812F611524E14C6F00DB2ACC /* NewsfeedTests.xctest */,
				812F612024E14C6F00DB2ACC /* NewsfeedUITests.xctest */,
			);
			name = Products;
			sourceTree = "<group>";
		};
		812F610124E14C6E00DB2ACC /* Newsfeed */ = {
			isa = PBXGroup;
			children = (
				81334DC624E22377007794F9 /* Network */,
				81334DBF24E21CF4007794F9 /* Model */,
				81334DBC24E21559007794F9 /* Util */,
				81334DB724E21320007794F9 /* TableViewCell */,
				812F613624E1526C00DB2ACC /* Storyboards */,
				812F613324E1519F00DB2ACC /* ViewModels */,
				812F613224E1519500DB2ACC /* Controllers */,
				812F610224E14C6E00DB2ACC /* AppDelegate.swift */,
				812F610424E14C6E00DB2ACC /* SceneDelegate.swift */,
				812F610B24E14C6F00DB2ACC /* Assets.xcassets */,
				812F611024E14C6F00DB2ACC /* Info.plist */,
			);
			path = Newsfeed;
			sourceTree = "<group>";
		};
		812F611824E14C6F00DB2ACC /* NewsfeedTests */ = {
			isa = PBXGroup;
			children = (
				81334DCA24E24140007794F9 /* news.json */,
				812F611924E14C6F00DB2ACC /* NewsfeedTests.swift */,
				812F611B24E14C6F00DB2ACC /* Info.plist */,
				81334DB524E178F2007794F9 /* NewsViewModelTest.swift */,
			);
			path = NewsfeedTests;
			sourceTree = "<group>";
		};
		812F612324E14C6F00DB2ACC /* NewsfeedUITests */ = {
			isa = PBXGroup;
			children = (
				812F612424E14C6F00DB2ACC /* NewsfeedUITests.swift */,
				812F612624E14C6F00DB2ACC /* Info.plist */,
			);
			path = NewsfeedUITests;
			sourceTree = "<group>";
		};
		812F613224E1519500DB2ACC /* Controllers */ = {
			isa = PBXGroup;
			children = (
				812F610624E14C6E00DB2ACC /* NewsViewController.swift */,
			);
			path = Controllers;
			sourceTree = "<group>";
		};
		812F613324E1519F00DB2ACC /* ViewModels */ = {
			isa = PBXGroup;
			children = (
				812F613424E151FA00DB2ACC /* NewsViewModel.swift */,
			);
			path = ViewModels;
			sourceTree = "<group>";
		};
		812F613624E1526C00DB2ACC /* Storyboards */ = {
			isa = PBXGroup;
			children = (
				812F610D24E14C6F00DB2ACC /* LaunchScreen.storyboard */,
				812F610824E14C6E00DB2ACC /* News.storyboard */,
			);
			path = Storyboards;
			sourceTree = "<group>";
		};
		81334DB724E21320007794F9 /* TableViewCell */ = {
			isa = PBXGroup;
			children = (
				81334DB824E2133B007794F9 /* NewsHeadingTableViewCell.swift */,
				81334DBA24E2135A007794F9 /* NewsListTableViewCell.swift */,
			);
			path = TableViewCell;
			sourceTree = "<group>";
		};
		81334DBC24E21559007794F9 /* Util */ = {
			isa = PBXGroup;
			children = (
				81334DBD24E21565007794F9 /* Constants.swift */,
				81019A2A24E2574D009AB270 /* Box.swift */,
				81019A2C24E2A73A009AB270 /* DateUtil.swift */,
			);
			path = Util;
			sourceTree = "<group>";
		};
		81334DBF24E21CF4007794F9 /* Model */ = {
			isa = PBXGroup;
			children = (
				81334DC024E21D6B007794F9 /* News.swift */,
				81334DC224E21D96007794F9 /* Item.swift */,
				81334DC424E21FA8007794F9 /* Enclosure.swift */,
			);
			path = Model;
			sourceTree = "<group>";
		};
		81334DC624E22377007794F9 /* Network */ = {
			isa = PBXGroup;
			children = (
				81334DC724E22390007794F9 /* AFNetworkClient.swift */,
			);
			path = Network;
			sourceTree = "<group>";
		};
		B0A2B09CB58DF72C37CF2B92 /* Frameworks */ = {
			isa = PBXGroup;
			children = (
				F5883DDC9585011ACA8321D7 /* Pods_Newsfeed.framework */,
				88E0EC66591089456A45E39F /* Pods_Newsfeed_NewsfeedUITests.framework */,
				882BB3D183EE6F14A28BEC08 /* Pods_NewsfeedTests.framework */,
			);
			name = Frameworks;
			sourceTree = "<group>";
		};
/* End PBXGroup section */

/* Begin PBXNativeTarget section */
		812F60FE24E14C6E00DB2ACC /* Newsfeed */ = {
			isa = PBXNativeTarget;
			buildConfigurationList = 812F612924E14C6F00DB2ACC /* Build configuration list for PBXNativeTarget "Newsfeed" */;
			buildPhases = (
				D40A0032733A648E1EE0AB03 /* [CP] Check Pods Manifest.lock */,
				812F60FB24E14C6E00DB2ACC /* Sources */,
				812F60FC24E14C6E00DB2ACC /* Frameworks */,
				812F60FD24E14C6E00DB2ACC /* Resources */,
				602A91575BF7B46CA9806763 /* [CP] Embed Pods Frameworks */,
			);
			buildRules = (
			);
			dependencies = (
			);
			name = Newsfeed;
			productName = Newsfeed;
			productReference = 812F60FF24E14C6E00DB2ACC /* Newsfeed.app */;
			productType = "com.apple.product-type.application";
		};
		812F611424E14C6F00DB2ACC /* NewsfeedTests */ = {
			isa = PBXNativeTarget;
			buildConfigurationList = 812F612C24E14C6F00DB2ACC /* Build configuration list for PBXNativeTarget "NewsfeedTests" */;
			buildPhases = (
				EF01661F0DA3375A28BBE7F3 /* [CP] Check Pods Manifest.lock */,
				812F611124E14C6F00DB2ACC /* Sources */,
				812F611224E14C6F00DB2ACC /* Frameworks */,
				812F611324E14C6F00DB2ACC /* Resources */,
			);
			buildRules = (
			);
			dependencies = (
				812F611724E14C6F00DB2ACC /* PBXTargetDependency */,
			);
			name = NewsfeedTests;
			productName = NewsfeedTests;
			productReference = 812F611524E14C6F00DB2ACC /* NewsfeedTests.xctest */;
			productType = "com.apple.product-type.bundle.unit-test";
		};
		812F611F24E14C6F00DB2ACC /* NewsfeedUITests */ = {
			isa = PBXNativeTarget;
			buildConfigurationList = 812F612F24E14C6F00DB2ACC /* Build configuration list for PBXNativeTarget "NewsfeedUITests" */;
			buildPhases = (
				CC076F2D34C59DC4302A0567 /* [CP] Check Pods Manifest.lock */,
				812F611C24E14C6F00DB2ACC /* Sources */,
				812F611D24E14C6F00DB2ACC /* Frameworks */,
				812F611E24E14C6F00DB2ACC /* Resources */,
				2A05DADF0CF9938990D27761 /* [CP] Embed Pods Frameworks */,
			);
			buildRules = (
			);
			dependencies = (
				812F612224E14C6F00DB2ACC /* PBXTargetDependency */,
			);
			name = NewsfeedUITests;
			productName = NewsfeedUITests;
			productReference = 812F612024E14C6F00DB2ACC /* NewsfeedUITests.xctest */;
			productType = "com.apple.product-type.bundle.ui-testing";
		};
/* End PBXNativeTarget section */

/* Begin PBXProject section */
		812F60F724E14C6E00DB2ACC /* Project object */ = {
			isa = PBXProject;
			attributes = {
				LastSwiftUpdateCheck = 1160;
				LastUpgradeCheck = 1160;
				ORGANIZATIONNAME = "Naveenprabhu Arumugam";
				TargetAttributes = {
					812F60FE24E14C6E00DB2ACC = {
						CreatedOnToolsVersion = 11.6;
					};
					812F611424E14C6F00DB2ACC = {
						CreatedOnToolsVersion = 11.6;
						TestTargetID = 812F60FE24E14C6E00DB2ACC;
					};
					812F611F24E14C6F00DB2ACC = {
						CreatedOnToolsVersion = 11.6;
						TestTargetID = 812F60FE24E14C6E00DB2ACC;
					};
				};
			};
			buildConfigurationList = 812F60FA24E14C6E00DB2ACC /* Build configuration list for PBXProject "Newsfeed" */;
			compatibilityVersion = "Xcode 9.3";
			developmentRegion = en;
			hasScannedForEncodings = 0;
			knownRegions = (
				en,
				Base,
			);
			mainGroup = 812F60F624E14C6E00DB2ACC;
			productRefGroup = 812F610024E14C6E00DB2ACC /* Products */;
			projectDirPath = "";
			projectRoot = "";
			targets = (
				812F60FE24E14C6E00DB2ACC /* Newsfeed */,
				812F611424E14C6F00DB2ACC /* NewsfeedTests */,
				812F611F24E14C6F00DB2ACC /* NewsfeedUITests */,
			);
		};
/* End PBXProject section */

/* Begin PBXResourcesBuildPhase section */
		812F60FD24E14C6E00DB2ACC /* Resources */ = {
			isa = PBXResourcesBuildPhase;
			buildActionMask = 2147483647;
			files = (
				812F610F24E14C6F00DB2ACC /* LaunchScreen.storyboard in Resources */,
				812F610C24E14C6F00DB2ACC /* Assets.xcassets in Resources */,
				812F610A24E14C6E00DB2ACC /* News.storyboard in Resources */,
			);
			runOnlyForDeploymentPostprocessing = 0;
		};
		812F611324E14C6F00DB2ACC /* Resources */ = {
			isa = PBXResourcesBuildPhase;
			buildActionMask = 2147483647;
			files = (
				81334DCB24E24140007794F9 /* news.json in Resources */,
			);
			runOnlyForDeploymentPostprocessing = 0;
		};
		812F611E24E14C6F00DB2ACC /* Resources */ = {
			isa = PBXResourcesBuildPhase;
			buildActionMask = 2147483647;
			files = (
			);
			runOnlyForDeploymentPostprocessing = 0;
		};
/* End PBXResourcesBuildPhase section */

/* Begin PBXShellScriptBuildPhase section */
		2A05DADF0CF9938990D27761 /* [CP] Embed Pods Frameworks */ = {
			isa = PBXShellScriptBuildPhase;
			buildActionMask = 2147483647;
			files = (
			);
			inputFileListPaths = (
				"${PODS_ROOT}/Target Support Files/Pods-Newsfeed-NewsfeedUITests/Pods-Newsfeed-NewsfeedUITests-frameworks-${CONFIGURATION}-input-files.xcfilelist",
			);
			name = "[CP] Embed Pods Frameworks";
			outputFileListPaths = (
				"${PODS_ROOT}/Target Support Files/Pods-Newsfeed-NewsfeedUITests/Pods-Newsfeed-NewsfeedUITests-frameworks-${CONFIGURATION}-output-files.xcfilelist",
			);
			runOnlyForDeploymentPostprocessing = 0;
			shellPath = /bin/sh;
			shellScript = "\"${PODS_ROOT}/Target Support Files/Pods-Newsfeed-NewsfeedUITests/Pods-Newsfeed-NewsfeedUITests-frameworks.sh\"\n";
			showEnvVarsInLog = 0;
		};
		602A91575BF7B46CA9806763 /* [CP] Embed Pods Frameworks */ = {
			isa = PBXShellScriptBuildPhase;
			buildActionMask = 2147483647;
			files = (
			);
			inputFileListPaths = (
				"${PODS_ROOT}/Target Support Files/Pods-Newsfeed/Pods-Newsfeed-frameworks-${CONFIGURATION}-input-files.xcfilelist",
			);
			name = "[CP] Embed Pods Frameworks";
			outputFileListPaths = (
				"${PODS_ROOT}/Target Support Files/Pods-Newsfeed/Pods-Newsfeed-frameworks-${CONFIGURATION}-output-files.xcfilelist",
			);
			runOnlyForDeploymentPostprocessing = 0;
			shellPath = /bin/sh;
			shellScript = "\"${PODS_ROOT}/Target Support Files/Pods-Newsfeed/Pods-Newsfeed-frameworks.sh\"\n";
			showEnvVarsInLog = 0;
		};
		CC076F2D34C59DC4302A0567 /* [CP] Check Pods Manifest.lock */ = {
			isa = PBXShellScriptBuildPhase;
			buildActionMask = 2147483647;
			files = (
			);
			inputFileListPaths = (
			);
			inputPaths = (
				"${PODS_PODFILE_DIR_PATH}/Podfile.lock",
				"${PODS_ROOT}/Manifest.lock",
			);
			name = "[CP] Check Pods Manifest.lock";
			outputFileListPaths = (
			);
			outputPaths = (
				"$(DERIVED_FILE_DIR)/Pods-Newsfeed-NewsfeedUITests-checkManifestLockResult.txt",
			);
			runOnlyForDeploymentPostprocessing = 0;
			shellPath = /bin/sh;
			shellScript = "diff \"${PODS_PODFILE_DIR_PATH}/Podfile.lock\" \"${PODS_ROOT}/Manifest.lock\" > /dev/null\nif [ $? != 0 ] ; then\n    # print error to STDERR\n    echo \"error: The sandbox is not in sync with the Podfile.lock. Run 'pod install' or update your CocoaPods installation.\" >&2\n    exit 1\nfi\n# This output is used by Xcode 'outputs' to avoid re-running this script phase.\necho \"SUCCESS\" > \"${SCRIPT_OUTPUT_FILE_0}\"\n";
			showEnvVarsInLog = 0;
		};
		D40A0032733A648E1EE0AB03 /* [CP] Check Pods Manifest.lock */ = {
			isa = PBXShellScriptBuildPhase;
			buildActionMask = 2147483647;
			files = (
			);
			inputFileListPaths = (
			);
			inputPaths = (
				"${PODS_PODFILE_DIR_PATH}/Podfile.lock",
				"${PODS_ROOT}/Manifest.lock",
			);
			name = "[CP] Check Pods Manifest.lock";
			outputFileListPaths = (
			);
			outputPaths = (
				"$(DERIVED_FILE_DIR)/Pods-Newsfeed-checkManifestLockResult.txt",
			);
			runOnlyForDeploymentPostprocessing = 0;
			shellPath = /bin/sh;
			shellScript = "diff \"${PODS_PODFILE_DIR_PATH}/Podfile.lock\" \"${PODS_ROOT}/Manifest.lock\" > /dev/null\nif [ $? != 0 ] ; then\n    # print error to STDERR\n    echo \"error: The sandbox is not in sync with the Podfile.lock. Run 'pod install' or update your CocoaPods installation.\" >&2\n    exit 1\nfi\n# This output is used by Xcode 'outputs' to avoid re-running this script phase.\necho \"SUCCESS\" > \"${SCRIPT_OUTPUT_FILE_0}\"\n";
			showEnvVarsInLog = 0;
		};
		EF01661F0DA3375A28BBE7F3 /* [CP] Check Pods Manifest.lock */ = {
			isa = PBXShellScriptBuildPhase;
			buildActionMask = 2147483647;
			files = (
			);
			inputFileListPaths = (
			);
			inputPaths = (
				"${PODS_PODFILE_DIR_PATH}/Podfile.lock",
				"${PODS_ROOT}/Manifest.lock",
			);
			name = "[CP] Check Pods Manifest.lock";
			outputFileListPaths = (
			);
			outputPaths = (
				"$(DERIVED_FILE_DIR)/Pods-NewsfeedTests-checkManifestLockResult.txt",
			);
			runOnlyForDeploymentPostprocessing = 0;
			shellPath = /bin/sh;
			shellScript = "diff \"${PODS_PODFILE_DIR_PATH}/Podfile.lock\" \"${PODS_ROOT}/Manifest.lock\" > /dev/null\nif [ $? != 0 ] ; then\n    # print error to STDERR\n    echo \"error: The sandbox is not in sync with the Podfile.lock. Run 'pod install' or update your CocoaPods installation.\" >&2\n    exit 1\nfi\n# This output is used by Xcode 'outputs' to avoid re-running this script phase.\necho \"SUCCESS\" > \"${SCRIPT_OUTPUT_FILE_0}\"\n";
			showEnvVarsInLog = 0;
		};
/* End PBXShellScriptBuildPhase section */

/* Begin PBXSourcesBuildPhase section */
		812F60FB24E14C6E00DB2ACC /* Sources */ = {
			isa = PBXSourcesBuildPhase;
			buildActionMask = 2147483647;
			files = (
				81334DC524E21FA8007794F9 /* Enclosure.swift in Sources */,
				812F610724E14C6E00DB2ACC /* NewsViewController.swift in Sources */,
				812F610324E14C6E00DB2ACC /* AppDelegate.swift in Sources */,
				81334DC124E21D6B007794F9 /* News.swift in Sources */,
				81334DB924E2133B007794F9 /* NewsHeadingTableViewCell.swift in Sources */,
				81334DC324E21D96007794F9 /* Item.swift in Sources */,
				812F610524E14C6E00DB2ACC /* SceneDelegate.swift in Sources */,
				81334DBE24E21565007794F9 /* Constants.swift in Sources */,
				81334DBB24E2135A007794F9 /* NewsListTableViewCell.swift in Sources */,
				81019A2B24E2574D009AB270 /* Box.swift in Sources */,
				81019A2D24E2A73A009AB270 /* DateUtil.swift in Sources */,
				812F613524E151FA00DB2ACC /* NewsViewModel.swift in Sources */,
				81334DC824E22390007794F9 /* AFNetworkClient.swift in Sources */,
			);
			runOnlyForDeploymentPostprocessing = 0;
		};
		812F611124E14C6F00DB2ACC /* Sources */ = {
			isa = PBXSourcesBuildPhase;
			buildActionMask = 2147483647;
			files = (
				812F611A24E14C6F00DB2ACC /* NewsfeedTests.swift in Sources */,
				81334DB624E178F2007794F9 /* NewsViewModelTest.swift in Sources */,
			);
			runOnlyForDeploymentPostprocessing = 0;
		};
		812F611C24E14C6F00DB2ACC /* Sources */ = {
			isa = PBXSourcesBuildPhase;
			buildActionMask = 2147483647;
			files = (
				812F612524E14C6F00DB2ACC /* NewsfeedUITests.swift in Sources */,
			);
			runOnlyForDeploymentPostprocessing = 0;
		};
/* End PBXSourcesBuildPhase section */

/* Begin PBXTargetDependency section */
		812F611724E14C6F00DB2ACC /* PBXTargetDependency */ = {
			isa = PBXTargetDependency;
			target = 812F60FE24E14C6E00DB2ACC /* Newsfeed */;
			targetProxy = 812F611624E14C6F00DB2ACC /* PBXContainerItemProxy */;
		};
		812F612224E14C6F00DB2ACC /* PBXTargetDependency */ = {
			isa = PBXTargetDependency;
			target = 812F60FE24E14C6E00DB2ACC /* Newsfeed */;
			targetProxy = 812F612124E14C6F00DB2ACC /* PBXContainerItemProxy */;
		};
/* End PBXTargetDependency section */

/* Begin PBXVariantGroup section */
		812F610824E14C6E00DB2ACC /* News.storyboard */ = {
			isa = PBXVariantGroup;
			children = (
				812F610924E14C6E00DB2ACC /* Base */,
			);
			name = News.storyboard;
			sourceTree = "<group>";
		};
		812F610D24E14C6F00DB2ACC /* LaunchScreen.storyboard */ = {
			isa = PBXVariantGroup;
			children = (
				812F610E24E14C6F00DB2ACC /* Base */,
			);
			name = LaunchScreen.storyboard;
			sourceTree = "<group>";
		};
/* End PBXVariantGroup section */

/* Begin XCBuildConfiguration section */
		812F612724E14C6F00DB2ACC /* Debug */ = {
			isa = XCBuildConfiguration;
			buildSettings = {
				ALWAYS_SEARCH_USER_PATHS = NO;
				CLANG_ANALYZER_NONNULL = YES;
				CLANG_ANALYZER_NUMBER_OBJECT_CONVERSION = YES_AGGRESSIVE;
				CLANG_CXX_LANGUAGE_STANDARD = "gnu++14";
				CLANG_CXX_LIBRARY = "libc++";
				CLANG_ENABLE_MODULES = YES;
				CLANG_ENABLE_OBJC_ARC = YES;
				CLANG_ENABLE_OBJC_WEAK = YES;
				CLANG_WARN_BLOCK_CAPTURE_AUTORELEASING = YES;
				CLANG_WARN_BOOL_CONVERSION = YES;
				CLANG_WARN_COMMA = YES;
				CLANG_WARN_CONSTANT_CONVERSION = YES;
				CLANG_WARN_DEPRECATED_OBJC_IMPLEMENTATIONS = YES;
				CLANG_WARN_DIRECT_OBJC_ISA_USAGE = YES_ERROR;
				CLANG_WARN_DOCUMENTATION_COMMENTS = YES;
				CLANG_WARN_EMPTY_BODY = YES;
				CLANG_WARN_ENUM_CONVERSION = YES;
				CLANG_WARN_INFINITE_RECURSION = YES;
				CLANG_WARN_INT_CONVERSION = YES;
				CLANG_WARN_NON_LITERAL_NULL_CONVERSION = YES;
				CLANG_WARN_OBJC_IMPLICIT_RETAIN_SELF = YES;
				CLANG_WARN_OBJC_LITERAL_CONVERSION = YES;
				CLANG_WARN_OBJC_ROOT_CLASS = YES_ERROR;
				CLANG_WARN_RANGE_LOOP_ANALYSIS = YES;
				CLANG_WARN_STRICT_PROTOTYPES = YES;
				CLANG_WARN_SUSPICIOUS_MOVE = YES;
				CLANG_WARN_UNGUARDED_AVAILABILITY = YES_AGGRESSIVE;
				CLANG_WARN_UNREACHABLE_CODE = YES;
				CLANG_WARN__DUPLICATE_METHOD_MATCH = YES;
				COPY_PHASE_STRIP = NO;
				DEBUG_INFORMATION_FORMAT = dwarf;
				ENABLE_STRICT_OBJC_MSGSEND = YES;
				ENABLE_TESTABILITY = YES;
				GCC_C_LANGUAGE_STANDARD = gnu11;
				GCC_DYNAMIC_NO_PIC = NO;
				GCC_NO_COMMON_BLOCKS = YES;
				GCC_OPTIMIZATION_LEVEL = 0;
				GCC_PREPROCESSOR_DEFINITIONS = (
					"DEBUG=1",
					"$(inherited)",
				);
				GCC_WARN_64_TO_32_BIT_CONVERSION = YES;
				GCC_WARN_ABOUT_RETURN_TYPE = YES_ERROR;
				GCC_WARN_UNDECLARED_SELECTOR = YES;
				GCC_WARN_UNINITIALIZED_AUTOS = YES_AGGRESSIVE;
				GCC_WARN_UNUSED_FUNCTION = YES;
				GCC_WARN_UNUSED_VARIABLE = YES;
				IPHONEOS_DEPLOYMENT_TARGET = 13.0;
				MTL_ENABLE_DEBUG_INFO = INCLUDE_SOURCE;
				MTL_FAST_MATH = YES;
				ONLY_ACTIVE_ARCH = YES;
				SDKROOT = iphoneos;
				SWIFT_ACTIVE_COMPILATION_CONDITIONS = DEBUG;
				SWIFT_OPTIMIZATION_LEVEL = "-Onone";
			};
			name = Debug;
		};
		812F612824E14C6F00DB2ACC /* Release */ = {
			isa = XCBuildConfiguration;
			buildSettings = {
				ALWAYS_SEARCH_USER_PATHS = NO;
				CLANG_ANALYZER_NONNULL = YES;
				CLANG_ANALYZER_NUMBER_OBJECT_CONVERSION = YES_AGGRESSIVE;
				CLANG_CXX_LANGUAGE_STANDARD = "gnu++14";
				CLANG_CXX_LIBRARY = "libc++";
				CLANG_ENABLE_MODULES = YES;
				CLANG_ENABLE_OBJC_ARC = YES;
				CLANG_ENABLE_OBJC_WEAK = YES;
				CLANG_WARN_BLOCK_CAPTURE_AUTORELEASING = YES;
				CLANG_WARN_BOOL_CONVERSION = YES;
				CLANG_WARN_COMMA = YES;
				CLANG_WARN_CONSTANT_CONVERSION = YES;
				CLANG_WARN_DEPRECATED_OBJC_IMPLEMENTATIONS = YES;
				CLANG_WARN_DIRECT_OBJC_ISA_USAGE = YES_ERROR;
				CLANG_WARN_DOCUMENTATION_COMMENTS = YES;
				CLANG_WARN_EMPTY_BODY = YES;
				CLANG_WARN_ENUM_CONVERSION = YES;
				CLANG_WARN_INFINITE_RECURSION = YES;
				CLANG_WARN_INT_CONVERSION = YES;
				CLANG_WARN_NON_LITERAL_NULL_CONVERSION = YES;
				CLANG_WARN_OBJC_IMPLICIT_RETAIN_SELF = YES;
				CLANG_WARN_OBJC_LITERAL_CONVERSION = YES;
				CLANG_WARN_OBJC_ROOT_CLASS = YES_ERROR;
				CLANG_WARN_RANGE_LOOP_ANALYSIS = YES;
				CLANG_WARN_STRICT_PROTOTYPES = YES;
				CLANG_WARN_SUSPICIOUS_MOVE = YES;
				CLANG_WARN_UNGUARDED_AVAILABILITY = YES_AGGRESSIVE;
				CLANG_WARN_UNREACHABLE_CODE = YES;
				CLANG_WARN__DUPLICATE_METHOD_MATCH = YES;
				COPY_PHASE_STRIP = NO;
				DEBUG_INFORMATION_FORMAT = "dwarf-with-dsym";
				ENABLE_NS_ASSERTIONS = NO;
				ENABLE_STRICT_OBJC_MSGSEND = YES;
				GCC_C_LANGUAGE_STANDARD = gnu11;
				GCC_NO_COMMON_BLOCKS = YES;
				GCC_WARN_64_TO_32_BIT_CONVERSION = YES;
				GCC_WARN_ABOUT_RETURN_TYPE = YES_ERROR;
				GCC_WARN_UNDECLARED_SELECTOR = YES;
				GCC_WARN_UNINITIALIZED_AUTOS = YES_AGGRESSIVE;
				GCC_WARN_UNUSED_FUNCTION = YES;
				GCC_WARN_UNUSED_VARIABLE = YES;
				IPHONEOS_DEPLOYMENT_TARGET = 13.0;
				MTL_ENABLE_DEBUG_INFO = NO;
				MTL_FAST_MATH = YES;
				SDKROOT = iphoneos;
				SWIFT_COMPILATION_MODE = wholemodule;
				SWIFT_OPTIMIZATION_LEVEL = "-O";
				VALIDATE_PRODUCT = YES;
			};
			name = Release;
		};
		812F612A24E14C6F00DB2ACC /* Debug */ = {
			isa = XCBuildConfiguration;
			baseConfigurationReference = 745550F0584B002C95CA6DCF /* Pods-Newsfeed.debug.xcconfig */;
			buildSettings = {
				ASSETCATALOG_COMPILER_APPICON_NAME = AppIcon;
				CODE_SIGN_STYLE = Automatic;
				DEVELOPMENT_TEAM = 8BKJSMK7S8;
				INFOPLIST_FILE = Newsfeed/Info.plist;
				LD_RUNPATH_SEARCH_PATHS = (
					"$(inherited)",
					"@executable_path/Frameworks",
				);
				PRODUCT_BUNDLE_IDENTIFIER = com.org.transpire.newsfeed;
				PRODUCT_NAME = "$(TARGET_NAME)";
				SWIFT_VERSION = 5.0;
				TARGETED_DEVICE_FAMILY = "1,2";
			};
			name = Debug;
		};
		812F612B24E14C6F00DB2ACC /* Release */ = {
			isa = XCBuildConfiguration;
			baseConfigurationReference = 62BA8415C314B5E97F7A6C78 /* Pods-Newsfeed.release.xcconfig */;
			buildSettings = {
				ASSETCATALOG_COMPILER_APPICON_NAME = AppIcon;
				CODE_SIGN_STYLE = Automatic;
				DEVELOPMENT_TEAM = 8BKJSMK7S8;
				INFOPLIST_FILE = Newsfeed/Info.plist;
				LD_RUNPATH_SEARCH_PATHS = (
					"$(inherited)",
					"@executable_path/Frameworks",
				);
				PRODUCT_BUNDLE_IDENTIFIER = com.org.transpire.newsfeed;
				PRODUCT_NAME = "$(TARGET_NAME)";
				SWIFT_VERSION = 5.0;
				TARGETED_DEVICE_FAMILY = "1,2";
			};
			name = Release;
		};
		812F612D24E14C6F00DB2ACC /* Debug */ = {
			isa = XCBuildConfiguration;
			baseConfigurationReference = 2F50E728B4ECC97E28C7E9C5 /* Pods-NewsfeedTests.debug.xcconfig */;
			buildSettings = {
				ALWAYS_EMBED_SWIFT_STANDARD_LIBRARIES = YES;
				BUNDLE_LOADER = "$(TEST_HOST)";
				CODE_SIGN_STYLE = Automatic;
				DEVELOPMENT_TEAM = 8BKJSMK7S8;
				INFOPLIST_FILE = NewsfeedTests/Info.plist;
				IPHONEOS_DEPLOYMENT_TARGET = 13.6;
				LD_RUNPATH_SEARCH_PATHS = (
					"$(inherited)",
					"@executable_path/Frameworks",
					"@loader_path/Frameworks",
				);
				PRODUCT_BUNDLE_IDENTIFIER = com.org.transpire.NewsfeedTests;
				PRODUCT_NAME = "$(TARGET_NAME)";
				SWIFT_VERSION = 5.0;
				TARGETED_DEVICE_FAMILY = "1,2";
				TEST_HOST = "$(BUILT_PRODUCTS_DIR)/Newsfeed.app/Newsfeed";
			};
			name = Debug;
		};
		812F612E24E14C6F00DB2ACC /* Release */ = {
			isa = XCBuildConfiguration;
			baseConfigurationReference = 5C48FA33414E2352AEE5416C /* Pods-NewsfeedTests.release.xcconfig */;
			buildSettings = {
				ALWAYS_EMBED_SWIFT_STANDARD_LIBRARIES = YES;
				BUNDLE_LOADER = "$(TEST_HOST)";
				CODE_SIGN_STYLE = Automatic;
				DEVELOPMENT_TEAM = 8BKJSMK7S8;
				INFOPLIST_FILE = NewsfeedTests/Info.plist;
				IPHONEOS_DEPLOYMENT_TARGET = 13.6;
				LD_RUNPATH_SEARCH_PATHS = (
					"$(inherited)",
					"@executable_path/Frameworks",
					"@loader_path/Frameworks",
				);
				PRODUCT_BUNDLE_IDENTIFIER = com.org.transpire.NewsfeedTests;
				PRODUCT_NAME = "$(TARGET_NAME)";
				SWIFT_VERSION = 5.0;
				TARGETED_DEVICE_FAMILY = "1,2";
				TEST_HOST = "$(BUILT_PRODUCTS_DIR)/Newsfeed.app/Newsfeed";
			};
			name = Release;
		};
		812F613024E14C6F00DB2ACC /* Debug */ = {
			isa = XCBuildConfiguration;
			baseConfigurationReference = E8F05C9EAE5F7A31F23C8F8A /* Pods-Newsfeed-NewsfeedUITests.debug.xcconfig */;
			buildSettings = {
				ALWAYS_EMBED_SWIFT_STANDARD_LIBRARIES = YES;
				CODE_SIGN_STYLE = Automatic;
				DEVELOPMENT_TEAM = 8BKJSMK7S8;
				INFOPLIST_FILE = NewsfeedUITests/Info.plist;
				LD_RUNPATH_SEARCH_PATHS = (
					"$(inherited)",
					"@executable_path/Frameworks",
					"@loader_path/Frameworks",
				);
				PRODUCT_BUNDLE_IDENTIFIER = com.org.transpire.NewsfeedUITests;
				PRODUCT_NAME = "$(TARGET_NAME)";
				SWIFT_VERSION = 5.0;
				TARGETED_DEVICE_FAMILY = "1,2";
				TEST_TARGET_NAME = Newsfeed;
			};
			name = Debug;
		};
		812F613124E14C6F00DB2ACC /* Release */ = {
			isa = XCBuildConfiguration;
			baseConfigurationReference = 0F1C5C4A2114C6B61A66A89A /* Pods-Newsfeed-NewsfeedUITests.release.xcconfig */;
			buildSettings = {
				ALWAYS_EMBED_SWIFT_STANDARD_LIBRARIES = YES;
				CODE_SIGN_STYLE = Automatic;
				DEVELOPMENT_TEAM = 8BKJSMK7S8;
				INFOPLIST_FILE = NewsfeedUITests/Info.plist;
				LD_RUNPATH_SEARCH_PATHS = (
					"$(inherited)",
					"@executable_path/Frameworks",
					"@loader_path/Frameworks",
				);
				PRODUCT_BUNDLE_IDENTIFIER = com.org.transpire.NewsfeedUITests;
				PRODUCT_NAME = "$(TARGET_NAME)";
				SWIFT_VERSION = 5.0;
				TARGETED_DEVICE_FAMILY = "1,2";
				TEST_TARGET_NAME = Newsfeed;
			};
			name = Release;
		};
/* End XCBuildConfiguration section */

/* Begin XCConfigurationList section */
		812F60FA24E14C6E00DB2ACC /* Build configuration list for PBXProject "Newsfeed" */ = {
			isa = XCConfigurationList;
			buildConfigurations = (
				812F612724E14C6F00DB2ACC /* Debug */,
				812F612824E14C6F00DB2ACC /* Release */,
			);
			defaultConfigurationIsVisible = 0;
			defaultConfigurationName = Release;
		};
		812F612924E14C6F00DB2ACC /* Build configuration list for PBXNativeTarget "Newsfeed" */ = {
			isa = XCConfigurationList;
			buildConfigurations = (
				812F612A24E14C6F00DB2ACC /* Debug */,
				812F612B24E14C6F00DB2ACC /* Release */,
			);
			defaultConfigurationIsVisible = 0;
			defaultConfigurationName = Release;
		};
		812F612C24E14C6F00DB2ACC /* Build configuration list for PBXNativeTarget "NewsfeedTests" */ = {
			isa = XCConfigurationList;
			buildConfigurations = (
				812F612D24E14C6F00DB2ACC /* Debug */,
				812F612E24E14C6F00DB2ACC /* Release */,
			);
			defaultConfigurationIsVisible = 0;
			defaultConfigurationName = Release;
		};
		812F612F24E14C6F00DB2ACC /* Build configuration list for PBXNativeTarget "NewsfeedUITests" */ = {
			isa = XCConfigurationList;
			buildConfigurations = (
				812F613024E14C6F00DB2ACC /* Debug */,
				812F613124E14C6F00DB2ACC /* Release */,
			);
			defaultConfigurationIsVisible = 0;
			defaultConfigurationName = Release;
		};
/* End XCConfigurationList section */
	};
	rootObject = 812F60F724E14C6E00DB2ACC /* Project object */;
}
